
Microsoft Visual Studio Solution File, Format Version 12.00
# Visual Studio Version 17
VisualStudioVersion = 17.12.35707.178 d17.12
MinimumVisualStudioVersion = 10.0.40219.1
Project("{FAE04EC0-301F-11D3-BF4B-00C04F79EFBC}") = "Silpha", "Silpha\Silpha.csproj", "{0A27825C-E678-4DDC-8C23-A0E332C2B24D}"
EndProject
Project("{2150E333-8FDC-42A3-9474-1A3956D46DE8}") = "Libraries", "Libraries", "{938ECCF7-A897-4D4B-863B-6120FC53DAB0}"
EndProject
Project("{FAE04EC0-301F-11D3-BF4B-00C04F79EFBC}") = "Syldra.Core", "..\Syldra\Syldra.Core\Syldra.Core.csproj", "{9043A65F-9487-45B6-947A-38D9937AF412}"
EndProject
Project("{FAE04EC0-301F-11D3-BF4B-00C04F79EFBC}") = "Syldra.WinUI", "..\Syldra\Syldra.WinUI\Syldra.WinUI.csproj", "{F43E6304-D760-4E1A-82D0-B8DE655D5C80}"
EndProject
Global
	GlobalSection(SolutionConfigurationPlatforms) = preSolution
		Debug|ARM64 = Debug|ARM64
		Debug|x64 = Debug|x64
		Debug|x86 = Debug|x86
		Release|ARM64 = Release|ARM64
		Release|x64 = Release|x64
		Release|x86 = Release|x86
	EndGlobalSection
	GlobalSection(ProjectConfigurationPlatforms) = postSolution
		{0A27825C-E678-4DDC-8C23-A0E332C2B24D}.Debug|ARM64.ActiveCfg = Debug|ARM64
		{0A27825C-E678-4DDC-8C23-A0E332C2B24D}.Debug|ARM64.Build.0 = Debug|ARM64
		{0A27825C-E678-4DDC-8C23-A0E332C2B24D}.Debug|ARM64.Deploy.0 = Debug|ARM64
		{0A27825C-E678-4DDC-8C23-A0E332C2B24D}.Debug|x64.ActiveCfg = Debug|x64
		{0A27825C-E678-4DDC-8C23-A0E332C2B24D}.Debug|x64.Build.0 = Debug|x64
		{0A27825C-E678-4DDC-8C23-A0E332C2B24D}.Debug|x64.Deploy.0 = Debug|x64
		{0A27825C-E678-4DDC-8C23-A0E332C2B24D}.Debug|x86.ActiveCfg = Debug|x86
		{0A27825C-E678-4DDC-8C23-A0E332C2B24D}.Debug|x86.Build.0 = Debug|x86
		{0A27825C-E678-4DDC-8C23-A0E332C2B24D}.Debug|x86.Deploy.0 = Debug|x86
		{0A27825C-E678-4DDC-8C23-A0E332C2B24D}.Release|ARM64.ActiveCfg = Release|ARM64
		{0A27825C-E678-4DDC-8C23-A0E332C2B24D}.Release|ARM64.Build.0 = Release|ARM64
		{0A27825C-E678-4DDC-8C23-A0E332C2B24D}.Release|ARM64.Deploy.0 = Release|ARM64
		{0A27825C-E678-4DDC-8C23-A0E332C2B24D}.Release|x64.ActiveCfg = Release|x64
		{0A27825C-E678-4DDC-8C23-A0E332C2B24D}.Release|x64.Build.0 = Release|x64
		{0A27825C-E678-4DDC-8C23-A0E332C2B24D}.Release|x64.Deploy.0 = Release|x64
		{0A27825C-E678-4DDC-8C23-A0E332C2B24D}.Release|x86.ActiveCfg = Release|x86
		{0A27825C-E678-4DDC-8C23-A0E332C2B24D}.Release|x86.Build.0 = Release|x86
		{0A27825C-E678-4DDC-8C23-A0E332C2B24D}.Release|x86.Deploy.0 = Release|x86
		{9043A65F-9487-45B6-947A-38D9937AF412}.Debug|ARM64.ActiveCfg = Debug|Any CPU
		{9043A65F-9487-45B6-947A-38D9937AF412}.Debug|ARM64.Build.0 = Debug|Any CPU
		{9043A65F-9487-45B6-947A-38D9937AF412}.Debug|x64.ActiveCfg = Debug|Any CPU
		{9043A65F-9487-45B6-947A-38D9937AF412}.Debug|x64.Build.0 = Debug|Any CPU
		{9043A65F-9487-45B6-947A-38D9937AF412}.Debug|x86.ActiveCfg = Debug|Any CPU
		{9043A65F-9487-45B6-947A-38D9937AF412}.Debug|x86.Build.0 = Debug|Any CPU
		{9043A65F-9487-45B6-947A-38D9937AF412}.Release|ARM64.ActiveCfg = Release|Any CPU
		{9043A65F-9487-45B6-947A-38D9937AF412}.Release|ARM64.Build.0 = Release|Any CPU
		{9043A65F-9487-45B6-947A-38D9937AF412}.Release|x64.ActiveCfg = Release|Any CPU
		{9043A65F-9487-45B6-947A-38D9937AF412}.Release|x64.Build.0 = Release|Any CPU
		{9043A65F-9487-45B6-947A-38D9937AF412}.Release|x86.ActiveCfg = Release|Any CPU
		{9043A65F-9487-45B6-947A-38D9937AF412}.Release|x86.Build.0 = Release|Any CPU
		{F43E6304-D760-4E1A-82D0-B8DE655D5C80}.Debug|ARM64.ActiveCfg = Debug|Any CPU
		{F43E6304-D760-4E1A-82D0-B8DE655D5C80}.Debug|ARM64.Build.0 = Debug|Any CPU
		{F43E6304-D760-4E1A-82D0-B8DE655D5C80}.Debug|x64.ActiveCfg = Debug|Any CPU
		{F43E6304-D760-4E1A-82D0-B8DE655D5C80}.Debug|x64.Build.0 = Debug|Any CPU
		{F43E6304-D760-4E1A-82D0-B8DE655D5C80}.Debug|x86.ActiveCfg = Debug|Any CPU
		{F43E6304-D760-4E1A-82D0-B8DE655D5C80}.Debug|x86.Build.0 = Debug|Any CPU
		{F43E6304-D760-4E1A-82D0-B8DE655D5C80}.Release|ARM64.ActiveCfg = Release|Any CPU
		{F43E6304-D760-4E1A-82D0-B8DE655D5C80}.Release|ARM64.Build.0 = Release|Any CPU
		{F43E6304-D760-4E1A-82D0-B8DE655D5C80}.Release|x64.ActiveCfg = Release|Any CPU
		{F43E6304-D760-4E1A-82D0-B8DE655D5C80}.Release|x64.Build.0 = Release|Any CPU
		{F43E6304-D760-4E1A-82D0-B8DE655D5C80}.Release|x86.ActiveCfg = Release|Any CPU
		{F43E6304-D760-4E1A-82D0-B8DE655D5C80}.Release|x86.Build.0 = Release|Any CPU
	EndGlobalSection
	GlobalSection(SolutionProperties) = preSolution
		HideSolutionNode = FALSE
	EndGlobalSection
	GlobalSection(NestedProjects) = preSolution
		{9043A65F-9487-45B6-947A-38D9937AF412} = {938ECCF7-A897-4D4B-863B-6120FC53DAB0}
		{F43E6304-D760-4E1A-82D0-B8DE655D5C80} = {938ECCF7-A897-4D4B-863B-6120FC53DAB0}
	EndGlobalSection
EndGlobal
